
Microsoft Visual Studio Solution File, Format Version 12.00
# Visual Studio Version 17
VisualStudioVersion = 17.14.36121.58 d17.14
MinimumVisualStudioVersion = 10.0.40219.1
Project("{FAE04EC0-301F-11D3-BF4B-00C04F79EFBC}") = "EducationalEventGenerator", "EducationalEventGenerator\EducationalEventGenerator.csproj", "{62A2591F-A18A-4EFE-A7F7-55A5DDA726F9}"
EndProject
Global
	GlobalSection(SolutionConfigurationPlatforms) = preSolution
		Debug|Any CPU = Debug|Any CPU
		Release|Any CPU = Release|Any CPU
	EndGlobalSection
	GlobalSection(ProjectConfigurationPlatforms) = postSolution
		{62A2591F-A18A-4EFE-A7F7-55A5DDA726F9}.Debug|Any CPU.ActiveCfg = Debug|Any CPU
		{62A2591F-A18A-4EFE-A7F7-55A5DDA726F9}.Debug|Any CPU.Build.0 = Debug|Any CPU
		{62A2591F-A18A-4EFE-A7F7-55A5DDA726F9}.Release|Any CPU.ActiveCfg = Release|Any CPU
		{62A2591F-A18A-4EFE-A7F7-55A5DDA726F9}.Release|Any CPU.Build.0 = Release|Any CPU
	EndGlobalSection
	GlobalSection(SolutionProperties) = preSolution
		HideSolutionNode = FALSE
	EndGlobalSection
	GlobalSection(ExtensibilityGlobals) = postSolution
		SolutionGuid = {A9D55884-E9AE-4A0A-B1ED-749264049A13}
	EndGlobalSection
EndGlobal
